
Microsoft Visual Studio Solution File, Format Version 12.00
# Visual Studio Version 17
VisualStudioVersion = 17.8.34309.116
MinimumVisualStudioVersion = 10.0.40219.1
Project("{C9674DCB-5085-4A16-B785-4C70DD1589BD}") = "Integration Services Project", "Integration Services Project\Integration Services Project.dtproj", "{CA39A56B-9A67-4E6F-9DC1-CDF0740EC7C2}"
EndProject
Global
	GlobalSection(SolutionConfigurationPlatforms) = preSolution
		Development|Default = Development|Default
	EndGlobalSection
	GlobalSection(ProjectConfigurationPlatforms) = postSolution
		{CA39A56B-9A67-4E6F-9DC1-CDF0740EC7C2}.Development|Default.ActiveCfg = Development
		{CA39A56B-9A67-4E6F-9DC1-CDF0740EC7C2}.Development|Default.Build.0 = Development
	EndGlobalSection
	GlobalSection(SolutionProperties) = preSolution
		HideSolutionNode = FALSE
	EndGlobalSection
	GlobalSection(ExtensibilityGlobals) = postSolution
		SolutionGuid = {CF2BBB9D-16C2-4974-8790-B976BA89D18D}
	EndGlobalSection
EndGlobal
